
Microsoft Visual Studio Solution File, Format Version 12.00
# Visual Studio Version 16
VisualStudioVersion = 16.0.28803.156
MinimumVisualStudioVersion = 10.0.40219.1
Project("{FAE04EC0-301F-11D3-BF4B-00C04F79EFBC}") = "StreamDOtNetCore", "StreamDOtNetCore\StreamDOtNetCore.csproj", "{A6B121A4-EBEF-4FC8-A9EB-ACD518CC419A}"
EndProject
Project("{FAE04EC0-301F-11D3-BF4B-00C04F79EFBC}") = "AzureStream", "AzureStream\AzureStream.csproj", "{8565D493-E3C7-4546-AEE1-E283104705F9}"
EndProject
Global
	GlobalSection(SolutionConfigurationPlatforms) = preSolution
		Debug|Any CPU = Debug|Any CPU
		Release|Any CPU = Release|Any CPU
	EndGlobalSection
	GlobalSection(ProjectConfigurationPlatforms) = postSolution
		{A6B121A4-EBEF-4FC8-A9EB-ACD518CC419A}.Debug|Any CPU.ActiveCfg = Debug|Any CPU
		{A6B121A4-EBEF-4FC8-A9EB-ACD518CC419A}.Debug|Any CPU.Build.0 = Debug|Any CPU
		{A6B121A4-EBEF-4FC8-A9EB-ACD518CC419A}.Release|Any CPU.ActiveCfg = Release|Any CPU
		{A6B121A4-EBEF-4FC8-A9EB-ACD518CC419A}.Release|Any CPU.Build.0 = Release|Any CPU
		{8565D493-E3C7-4546-AEE1-E283104705F9}.Debug|Any CPU.ActiveCfg = Debug|Any CPU
		{8565D493-E3C7-4546-AEE1-E283104705F9}.Debug|Any CPU.Build.0 = Debug|Any CPU
		{8565D493-E3C7-4546-AEE1-E283104705F9}.Release|Any CPU.ActiveCfg = Release|Any CPU
		{8565D493-E3C7-4546-AEE1-E283104705F9}.Release|Any CPU.Build.0 = Release|Any CPU
	EndGlobalSection
	GlobalSection(SolutionProperties) = preSolution
		HideSolutionNode = FALSE
	EndGlobalSection
	GlobalSection(ExtensibilityGlobals) = postSolution
		SolutionGuid = {184D03FD-FA65-4D11-8950-4242C97B341E}
	EndGlobalSection
EndGlobal
